
Microsoft Visual Studio Solution File, Format Version 12.00
# Visual Studio Version 17
VisualStudioVersion = 17.3.32929.385
MinimumVisualStudioVersion = 10.0.40219.1
Project("{FAE04EC0-301F-11D3-BF4B-00C04F79EFBC}") = "PointOfSale.Products.Api", "PointOfSale.Products.Api\PointOfSale.Products.Api.csproj", "{8FA5F38F-23F8-42CE-A71E-5111CDB523CC}"
EndProject
Global
	GlobalSection(SolutionConfigurationPlatforms) = preSolution
		Debug|Any CPU = Debug|Any CPU
		Release|Any CPU = Release|Any CPU
	EndGlobalSection
	GlobalSection(ProjectConfigurationPlatforms) = postSolution
		{8FA5F38F-23F8-42CE-A71E-5111CDB523CC}.Debug|Any CPU.ActiveCfg = Debug|Any CPU
		{8FA5F38F-23F8-42CE-A71E-5111CDB523CC}.Debug|Any CPU.Build.0 = Debug|Any CPU
		{8FA5F38F-23F8-42CE-A71E-5111CDB523CC}.Release|Any CPU.ActiveCfg = Release|Any CPU
		{8FA5F38F-23F8-42CE-A71E-5111CDB523CC}.Release|Any CPU.Build.0 = Release|Any CPU
	EndGlobalSection
	GlobalSection(SolutionProperties) = preSolution
		HideSolutionNode = FALSE
	EndGlobalSection
	GlobalSection(ExtensibilityGlobals) = postSolution
		SolutionGuid = {57B1AE6A-BC3E-4F1F-B3C5-4A95D9066EA3}
	EndGlobalSection
EndGlobal
